
Microsoft Visual Studio Solution File, Format Version 12.00
# Visual Studio Version 17
VisualStudioVersion = 17.11.35222.181
MinimumVisualStudioVersion = 10.0.40219.1
Project("{FAE04EC0-301F-11D3-BF4B-00C04F79EFBC}") = "BuzzwordRoulette", "BuzzwordRoulette\BuzzwordRoulette.csproj", "{1B98FCFB-C065-4C17-B4FF-E34C463FB70C}"
EndProject
Global
	GlobalSection(SolutionConfigurationPlatforms) = preSolution
		Debug|Any CPU = Debug|Any CPU
		Release|Any CPU = Release|Any CPU
	EndGlobalSection
	GlobalSection(ProjectConfigurationPlatforms) = postSolution
		{1B98FCFB-C065-4C17-B4FF-E34C463FB70C}.Debug|Any CPU.ActiveCfg = Debug|Any CPU
		{1B98FCFB-C065-4C17-B4FF-E34C463FB70C}.Debug|Any CPU.Build.0 = Debug|Any CPU
		{1B98FCFB-C065-4C17-B4FF-E34C463FB70C}.Release|Any CPU.ActiveCfg = Release|Any CPU
		{1B98FCFB-C065-4C17-B4FF-E34C463FB70C}.Release|Any CPU.Build.0 = Release|Any CPU
	EndGlobalSection
	GlobalSection(SolutionProperties) = preSolution
		HideSolutionNode = FALSE
	EndGlobalSection
	GlobalSection(ExtensibilityGlobals) = postSolution
		SolutionGuid = {00CACD6E-8DB5-4971-9003-374BFE92A140}
	EndGlobalSection
EndGlobal
